<?xml version="1.0" encoding="utf-8"?>
<Project ToolsVersion="4.0" xmlns="http://schemas.microsoft.com/developer/msbuild/2003">
  <ItemGroup>
    <ClCompile Include="Source\winmain.cpp" />
    <ClCompile Include="Source\Game\DemoStateFactory.cpp">
      <Filter>Game</Filter>
    </ClCompile>
    <ClCompile Include="Source\RenderDemo_pch.cpp" />
    <ClCompile Include="Source\Game\States\TestState.cpp">
      <Filter>Game\States</Filter>
    </ClCompile>
    <ClCompile Include="Source\Game\RenderingDemo.cpp">
      <Filter>Game</Filter>
    </ClCompile>
  </ItemGroup>
  <ItemGroup>
    <ClInclude Include="Source\RenderDemo.h" />
    <ClInclude Include="Source\Game\RenderingDemo.h">
      <Filter>Game</Filter>
    </ClInclude>
    <ClInclude Include="Source\Game\States\TestState.h">
      <Filter>Game\States</Filter>
    </ClInclude>
    <ClInclude Include="Source\Game\DemoStateFactory.h">
      <Filter>Game</Filter>
    </ClInclude>
    <ClInclude Include="Source\RenderDemo_pch.h" />
  </ItemGroup>
  <ItemGroup>
    <Filter Include="Game">
      <UniqueIdentifier>{046783fc-4d80-4f39-89fc-49dc87de80d9}</UniqueIdentifier>
    </Filter>
    <Filter Include="Game\States">
      <UniqueIdentifier>{84ee5d38-a0d1-4bf5-b0fe-6a9278b1238d}</UniqueIdentifier>
    </Filter>
    <Filter Include="Resources">
      <UniqueIdentifier>{f91b4b8e-4d28-46de-bec7-892eb36ae740}</UniqueIdentifier>
    </Filter>
    <Filter Include="Shaders">
      <UniqueIdentifier>{71e2b049-c098-4b31-8a8a-1e17668cc51f}</UniqueIdentifier>
    </Filter>
    <Filter Include="Shaders\GlobalIllumination">
      <UniqueIdentifier>{ddb804a6-6fef-4aa6-a80a-3f27c404c69d}</UniqueIdentifier>
    </Filter>
  </ItemGroup>
  <ItemGroup>
    <FxCompile Include="Source\Shaders\prepass_ps.hlsl">
      <Filter>Shaders</Filter>
    </FxCompile>
    <FxCompile Include="Source\Shaders\prepass_vs.hlsl">
      <Filter>Shaders</Filter>
    </FxCompile>
    <FxCompile Include="Source\Shaders\LightCulling.hlsl">
      <Filter>Shaders</Filter>
    </FxCompile>
    <FxCompile Include="Source\Shaders\tiled_shading_ps.hlsl">
      <Filter>Shaders</Filter>
    </FxCompile>
    <FxCompile Include="Source\Shaders\tiled_shading_vs.hlsl">
      <Filter>Shaders</Filter>
    </FxCompile>
    <FxCompile Include="Source\Shaders\GlobalIllumination\VoxelGridClearCS.hlsl">
      <Filter>Shaders\GlobalIllumination</Filter>
    </FxCompile>
    <FxCompile Include="Source\Shaders\GlobalIllumination\VoxelGridGS.hlsl">
      <Filter>Shaders\GlobalIllumination</Filter>
    </FxCompile>
    <FxCompile Include="Source\Shaders\GlobalIllumination\VoxelGridPS.hlsl">
      <Filter>Shaders\GlobalIllumination</Filter>
    </FxCompile>
    <FxCompile Include="Source\Shaders\GlobalIllumination\VoxelGridVS.hlsl">
      <Filter>Shaders\GlobalIllumination</Filter>
    </FxCompile>
    <FxCompile Include="Source\Shaders\GlobalIllumination\dirLightGridPS.hlsl">
      <Filter>Shaders\GlobalIllumination</Filter>
    </FxCompile>
    <FxCompile Include="Source\Shaders\GlobalIllumination\pointLightGridGS.hlsl">
      <Filter>Shaders\GlobalIllumination</Filter>
    </FxCompile>
    <FxCompile Include="Source\Shaders\GlobalIllumination\pointLightGridPS.hlsl">
      <Filter>Shaders\GlobalIllumination</Filter>
    </FxCompile>
    <FxCompile Include="Source\Shaders\GlobalIllumination\pointLightGridVS.hlsl">
      <Filter>Shaders\GlobalIllumination</Filter>
    </FxCompile>
    <FxCompile Include="Source\Shaders\GlobalIllumination\PropagateCS.hlsl">
      <Filter>Shaders\GlobalIllumination</Filter>
    </FxCompile>
    <FxCompile Include="Source\Shaders\GlobalIllumination\PropagateOcclusionCS.hlsl">
      <Filter>Shaders\GlobalIllumination</Filter>
    </FxCompile>
    <FxCompile Include="Source\Shaders\GlobalIllumination\VoxelGridRenderingPS.hlsl">
      <Filter>Shaders\GlobalIllumination</Filter>
    </FxCompile>
    <FxCompile Include="Source\Shaders\GlobalIllumination\VoxelGridRenderingVS.hlsl">
      <Filter>Shaders\GlobalIllumination</Filter>
    </FxCompile>
    <FxCompile Include="Source\Shaders\GlobalIllumination\applyGlobalIllumGS.hlsl">
      <Filter>Shaders\GlobalIllumination</Filter>
    </FxCompile>
    <FxCompile Include="Source\Shaders\GlobalIllumination\applyGlobalIllumPS.hlsl">
      <Filter>Shaders\GlobalIllumination</Filter>
    </FxCompile>
    <FxCompile Include="Source\Shaders\GlobalIllumination\applyGlobalIllumVS.hlsl">
      <Filter>Shaders\GlobalIllumination</Filter>
    </FxCompile>
  </ItemGroup>
  <ItemGroup>
    <None Include="Source\Shaders\ShadingParams.hlsli">
      <Filter>Shaders</Filter>
    </None>
    <None Include="Source\Shaders\GlobalIllumination\GlobalIllumination.hlsli">
      <Filter>Shaders\GlobalIllumination</Filter>
    </None>
  </ItemGroup>
</Project>