
Microsoft Visual Studio Solution File, Format Version 12.00
# Visual Studio 2013
VisualStudioVersion = 12.0.21005.1
MinimumVisualStudioVersion = 10.0.40219.1
Project("{8BC9CEB8-8B4A-11D0-8D11-00A0C91BC942}") = "GameEngine", "GameEngine\GameEngine.vcxproj", "{7F202DE0-A058-4DDE-BD2E-0377328F9647}"
EndProject
Project("{8BC9CEB8-8B4A-11D0-8D11-00A0C91BC942}") = "RenderDemo", "RenderDemo\RenderDemo.vcxproj", "{DAE0BC44-0916-4E37-B3C8-8BBD034EC720}"
	ProjectSection(ProjectDependencies) = postProject
		{7F202DE0-A058-4DDE-BD2E-0377328F9647} = {7F202DE0-A058-4DDE-BD2E-0377328F9647}
	EndProjectSection
EndProject
Global
	GlobalSection(SolutionConfigurationPlatforms) = preSolution
		Debug|Win32 = Debug|Win32
		Release|Win32 = Release|Win32
	EndGlobalSection
	GlobalSection(ProjectConfigurationPlatforms) = postSolution
		{7F202DE0-A058-4DDE-BD2E-0377328F9647}.Debug|Win32.ActiveCfg = Debug|Win32
		{7F202DE0-A058-4DDE-BD2E-0377328F9647}.Debug|Win32.Build.0 = Debug|Win32
		{7F202DE0-A058-4DDE-BD2E-0377328F9647}.Release|Win32.ActiveCfg = Release|Win32
		{7F202DE0-A058-4DDE-BD2E-0377328F9647}.Release|Win32.Build.0 = Release|Win32
		{DAE0BC44-0916-4E37-B3C8-8BBD034EC720}.Debug|Win32.ActiveCfg = Debug|Win32
		{DAE0BC44-0916-4E37-B3C8-8BBD034EC720}.Debug|Win32.Build.0 = Debug|Win32
		{DAE0BC44-0916-4E37-B3C8-8BBD034EC720}.Release|Win32.ActiveCfg = Release|Win32
		{DAE0BC44-0916-4E37-B3C8-8BBD034EC720}.Release|Win32.Build.0 = Release|Win32
	EndGlobalSection
	GlobalSection(SolutionProperties) = preSolution
		HideSolutionNode = FALSE
	EndGlobalSection
EndGlobal
